
Microsoft Visual Studio Solution File, Format Version 12.00
# Visual Studio 14
VisualStudioVersion = 14.0.23107.0
MinimumVisualStudioVersion = 10.0.40219.1
Project("{FAE04EC0-301F-11D3-BF4B-00C04F79EFBC}") = "PGCodeFirst.Web", "PGCodeFirst.Web\PGCodeFirst.Web.csproj", "{89455967-803B-4C7B-B38A-23B45B64E476}"
EndProject
Project("{FAE04EC0-301F-11D3-BF4B-00C04F79EFBC}") = "PGCodeFirst.Services", "PGCodeFirst.Services\PGCodeFirst.Services.csproj", "{21ECA72C-8A69-46C6-A83A-31C126031579}"
EndProject
Global
	GlobalSection(SolutionConfigurationPlatforms) = preSolution
		Debug|Any CPU = Debug|Any CPU
		Release|Any CPU = Release|Any CPU
	EndGlobalSection
	GlobalSection(ProjectConfigurationPlatforms) = postSolution
		{89455967-803B-4C7B-B38A-23B45B64E476}.Debug|Any CPU.ActiveCfg = Debug|Any CPU
		{89455967-803B-4C7B-B38A-23B45B64E476}.Debug|Any CPU.Build.0 = Debug|Any CPU
		{89455967-803B-4C7B-B38A-23B45B64E476}.Release|Any CPU.ActiveCfg = Release|Any CPU
		{89455967-803B-4C7B-B38A-23B45B64E476}.Release|Any CPU.Build.0 = Release|Any CPU
		{21ECA72C-8A69-46C6-A83A-31C126031579}.Debug|Any CPU.ActiveCfg = Debug|Any CPU
		{21ECA72C-8A69-46C6-A83A-31C126031579}.Debug|Any CPU.Build.0 = Debug|Any CPU
		{21ECA72C-8A69-46C6-A83A-31C126031579}.Release|Any CPU.ActiveCfg = Release|Any CPU
		{21ECA72C-8A69-46C6-A83A-31C126031579}.Release|Any CPU.Build.0 = Release|Any CPU
	EndGlobalSection
	GlobalSection(SolutionProperties) = preSolution
		HideSolutionNode = FALSE
	EndGlobalSection
EndGlobal
